
Microsoft Visual Studio Solution File, Format Version 12.00
# Visual Studio 15
VisualStudioVersion = 15.0.28010.2046
MinimumVisualStudioVersion = 10.0.40219.1
Project("{FAE04EC0-301F-11D3-BF4B-00C04F79EFBC}") = "DebugDemo", "DebugDemo\DebugDemo.csproj", "{5AF15E2E-B9A0-4195-8CD3-06626EABC1A6}"
EndProject
Project("{FAE04EC0-301F-11D3-BF4B-00C04F79EFBC}") = "VariableDemo", "VariableDemo\VariableDemo.csproj", "{5711961C-A486-4BBA-996A-AB32E9C9495D}"
EndProject
Project("{FAE04EC0-301F-11D3-BF4B-00C04F79EFBC}") = "TalOpgave", "TalOpgave\TalOpgave.csproj", "{BAC57C6F-782F-438E-89FD-3D3E2D433F30}"
EndProject
Project("{FAE04EC0-301F-11D3-BF4B-00C04F79EFBC}") = "DatoTest", "DatoTest\DatoTest.csproj", "{7C24A3E4-FAC9-417F-86E1-18E357CD2F8D}"
EndProject
Project("{FAE04EC0-301F-11D3-BF4B-00C04F79EFBC}") = "Strenge", "Strenge\Strenge.csproj", "{75012DA1-4B65-4DF6-B891-28E42806D6A2}"
EndProject
Project("{FAE04EC0-301F-11D3-BF4B-00C04F79EFBC}") = "Struct_Enum", "Struct_Enum\Struct_Enum.csproj", "{2183EED3-A45E-4BCA-9F15-C5CAABC8BA97}"
EndProject
Project("{FAE04EC0-301F-11D3-BF4B-00C04F79EFBC}") = "ProgramFlow", "ProgramFlow\ProgramFlow.csproj", "{D86D5462-6C05-4EEC-BB8E-034036312899}"
EndProject
Project("{FAE04EC0-301F-11D3-BF4B-00C04F79EFBC}") = "Break", "Break\Break.csproj", "{0AE30DD2-5430-4740-8AB7-CAE40A13362C}"
EndProject
Project("{FAE04EC0-301F-11D3-BF4B-00C04F79EFBC}") = "Funktioner", "Funktioner\Funktioner.csproj", "{FB46C595-D0AB-4D0A-B3D2-19C1FA434355}"
EndProject
Project("{FAE04EC0-301F-11D3-BF4B-00C04F79EFBC}") = "MetoderSimple", "MetoderSimple\MetoderSimple.csproj", "{5EE4320F-FCDB-402C-95AD-F1FE9BFC20B7}"
EndProject
Project("{FAE04EC0-301F-11D3-BF4B-00C04F79EFBC}") = "Overload", "Overload\Overload.csproj", "{893D1263-AFF2-4F0B-B59C-C2662C4DBB04}"
EndProject
Project("{FAE04EC0-301F-11D3-BF4B-00C04F79EFBC}") = "Rekursiv", "Rekursiv\Rekursiv.csproj", "{B0EEA2A8-E4B2-4F59-80B7-57BAC5B66279}"
EndProject
Project("{FAE04EC0-301F-11D3-BF4B-00C04F79EFBC}") = "Fejlhåndtering", "Fejlhåndtering\Fejlhåndtering.csproj", "{66B0EABC-6D54-48AF-8D49-B3FF5768586B}"
EndProject
Project("{FAE04EC0-301F-11D3-BF4B-00C04F79EFBC}") = "ConsoleApp1", "ConsoleApp1\ConsoleApp1.csproj", "{6829B9AD-87A2-4D7D-AD30-A6AB8E1F1A55}"
EndProject
Project("{FAE04EC0-301F-11D3-BF4B-00C04F79EFBC}") = "Hukommelse", "Hukommelse\Hukommelse.csproj", "{8F451103-8260-4025-A73C-FBEAE31020A6}"
EndProject
Project("{FAE04EC0-301F-11D3-BF4B-00C04F79EFBC}") = "Oop", "Oop\Oop.csproj", "{223D83B3-0568-4294-B428-3F8EA7970ECE}"
EndProject
Project("{FAE04EC0-301F-11D3-BF4B-00C04F79EFBC}") = "Terning", "Terning\Terning.csproj", "{8C32FAD6-CD5A-4708-B11B-2C97D7FC015B}"
EndProject
Project("{FAE04EC0-301F-11D3-BF4B-00C04F79EFBC}") = "Indkapsling", "Indkapsling\Indkapsling.csproj", "{63B01831-B7E1-45E9-BD60-ADB41A16B702}"
EndProject
Project("{FAE04EC0-301F-11D3-BF4B-00C04F79EFBC}") = "IndkapslingTerning", "IndkapslingTerning\IndkapslingTerning.csproj", "{456F0109-B129-4BED-9F17-7AFF2C4072A7}"
EndProject
Project("{FAE04EC0-301F-11D3-BF4B-00C04F79EFBC}") = "EgenskaberAutomatisk", "EgenskaberAutomatisk\EgenskaberAutomatisk.csproj", "{6134DD6E-B165-40C4-9D99-87ECF80CBAF6}"
EndProject
Project("{FAE04EC0-301F-11D3-BF4B-00C04F79EFBC}") = "EgenskaberGetter", "EgenskaberGetter\EgenskaberGetter.csproj", "{D25E9771-5F2C-4678-B3C2-6B9C3487B18D}"
EndProject
Project("{FAE04EC0-301F-11D3-BF4B-00C04F79EFBC}") = "Arv", "Arv\Arv.csproj", "{99CBEF49-A473-44EA-A028-4F149C2E00A0}"
EndProject
Project("{FAE04EC0-301F-11D3-BF4B-00C04F79EFBC}") = "UdvidetRandom", "UdvidetRandom\UdvidetRandom.csproj", "{098090FD-C443-40B2-A9A7-DE74AD8A6072}"
EndProject
Project("{FAE04EC0-301F-11D3-BF4B-00C04F79EFBC}") = "KortSpil", "KortSpil\KortSpil.csproj", "{7E4B410F-3C40-4482-B558-07512E6CF0FB}"
EndProject
Project("{FAE04EC0-301F-11D3-BF4B-00C04F79EFBC}") = "Polymorfi", "Polymorfi\Polymorfi.csproj", "{2E88A35C-2EB3-46FF-8D30-4DC3517F4C6C}"
EndProject
Project("{FAE04EC0-301F-11D3-BF4B-00C04F79EFBC}") = "ArvPloymorfiTerning", "ArvPloymorfiTerning\ArvPloymorfiTerning.csproj", "{BBDD2FDA-7ECC-4ECD-80A0-C9B0911082CA}"
EndProject
Project("{FAE04EC0-301F-11D3-BF4B-00C04F79EFBC}") = "InterFace", "InterFace\InterFace.csproj", "{4E415013-AAA0-4F6A-8BCA-114220E01190}"
EndProject
Project("{FAE04EC0-301F-11D3-BF4B-00C04F79EFBC}") = "Interface2", "Interface2\Interface2.csproj", "{56898EE4-51E6-4F98-9875-AC5DA055B84D}"
EndProject
Global
	GlobalSection(SolutionConfigurationPlatforms) = preSolution
		Debug|Any CPU = Debug|Any CPU
		Release|Any CPU = Release|Any CPU
	EndGlobalSection
	GlobalSection(ProjectConfigurationPlatforms) = postSolution
		{5AF15E2E-B9A0-4195-8CD3-06626EABC1A6}.Debug|Any CPU.ActiveCfg = Debug|Any CPU
		{5AF15E2E-B9A0-4195-8CD3-06626EABC1A6}.Debug|Any CPU.Build.0 = Debug|Any CPU
		{5AF15E2E-B9A0-4195-8CD3-06626EABC1A6}.Release|Any CPU.ActiveCfg = Release|Any CPU
		{5AF15E2E-B9A0-4195-8CD3-06626EABC1A6}.Release|Any CPU.Build.0 = Release|Any CPU
		{5711961C-A486-4BBA-996A-AB32E9C9495D}.Debug|Any CPU.ActiveCfg = Debug|Any CPU
		{5711961C-A486-4BBA-996A-AB32E9C9495D}.Debug|Any CPU.Build.0 = Debug|Any CPU
		{5711961C-A486-4BBA-996A-AB32E9C9495D}.Release|Any CPU.ActiveCfg = Release|Any CPU
		{5711961C-A486-4BBA-996A-AB32E9C9495D}.Release|Any CPU.Build.0 = Release|Any CPU
		{BAC57C6F-782F-438E-89FD-3D3E2D433F30}.Debug|Any CPU.ActiveCfg = Debug|Any CPU
		{BAC57C6F-782F-438E-89FD-3D3E2D433F30}.Debug|Any CPU.Build.0 = Debug|Any CPU
		{BAC57C6F-782F-438E-89FD-3D3E2D433F30}.Release|Any CPU.ActiveCfg = Release|Any CPU
		{BAC57C6F-782F-438E-89FD-3D3E2D433F30}.Release|Any CPU.Build.0 = Release|Any CPU
		{7C24A3E4-FAC9-417F-86E1-18E357CD2F8D}.Debug|Any CPU.ActiveCfg = Debug|Any CPU
		{7C24A3E4-FAC9-417F-86E1-18E357CD2F8D}.Debug|Any CPU.Build.0 = Debug|Any CPU
		{7C24A3E4-FAC9-417F-86E1-18E357CD2F8D}.Release|Any CPU.ActiveCfg = Release|Any CPU
		{7C24A3E4-FAC9-417F-86E1-18E357CD2F8D}.Release|Any CPU.Build.0 = Release|Any CPU
		{75012DA1-4B65-4DF6-B891-28E42806D6A2}.Debug|Any CPU.ActiveCfg = Debug|Any CPU
		{75012DA1-4B65-4DF6-B891-28E42806D6A2}.Debug|Any CPU.Build.0 = Debug|Any CPU
		{75012DA1-4B65-4DF6-B891-28E42806D6A2}.Release|Any CPU.ActiveCfg = Release|Any CPU
		{75012DA1-4B65-4DF6-B891-28E42806D6A2}.Release|Any CPU.Build.0 = Release|Any CPU
		{2183EED3-A45E-4BCA-9F15-C5CAABC8BA97}.Debug|Any CPU.ActiveCfg = Debug|Any CPU
		{2183EED3-A45E-4BCA-9F15-C5CAABC8BA97}.Debug|Any CPU.Build.0 = Debug|Any CPU
		{2183EED3-A45E-4BCA-9F15-C5CAABC8BA97}.Release|Any CPU.ActiveCfg = Release|Any CPU
		{2183EED3-A45E-4BCA-9F15-C5CAABC8BA97}.Release|Any CPU.Build.0 = Release|Any CPU
		{D86D5462-6C05-4EEC-BB8E-034036312899}.Debug|Any CPU.ActiveCfg = Debug|Any CPU
		{D86D5462-6C05-4EEC-BB8E-034036312899}.Debug|Any CPU.Build.0 = Debug|Any CPU
		{D86D5462-6C05-4EEC-BB8E-034036312899}.Release|Any CPU.ActiveCfg = Release|Any CPU
		{D86D5462-6C05-4EEC-BB8E-034036312899}.Release|Any CPU.Build.0 = Release|Any CPU
		{0AE30DD2-5430-4740-8AB7-CAE40A13362C}.Debug|Any CPU.ActiveCfg = Debug|Any CPU
		{0AE30DD2-5430-4740-8AB7-CAE40A13362C}.Debug|Any CPU.Build.0 = Debug|Any CPU
		{0AE30DD2-5430-4740-8AB7-CAE40A13362C}.Release|Any CPU.ActiveCfg = Release|Any CPU
		{0AE30DD2-5430-4740-8AB7-CAE40A13362C}.Release|Any CPU.Build.0 = Release|Any CPU
		{FB46C595-D0AB-4D0A-B3D2-19C1FA434355}.Debug|Any CPU.ActiveCfg = Debug|Any CPU
		{FB46C595-D0AB-4D0A-B3D2-19C1FA434355}.Debug|Any CPU.Build.0 = Debug|Any CPU
		{FB46C595-D0AB-4D0A-B3D2-19C1FA434355}.Release|Any CPU.ActiveCfg = Release|Any CPU
		{FB46C595-D0AB-4D0A-B3D2-19C1FA434355}.Release|Any CPU.Build.0 = Release|Any CPU
		{5EE4320F-FCDB-402C-95AD-F1FE9BFC20B7}.Debug|Any CPU.ActiveCfg = Debug|Any CPU
		{5EE4320F-FCDB-402C-95AD-F1FE9BFC20B7}.Debug|Any CPU.Build.0 = Debug|Any CPU
		{5EE4320F-FCDB-402C-95AD-F1FE9BFC20B7}.Release|Any CPU.ActiveCfg = Release|Any CPU
		{5EE4320F-FCDB-402C-95AD-F1FE9BFC20B7}.Release|Any CPU.Build.0 = Release|Any CPU
		{893D1263-AFF2-4F0B-B59C-C2662C4DBB04}.Debug|Any CPU.ActiveCfg = Debug|Any CPU
		{893D1263-AFF2-4F0B-B59C-C2662C4DBB04}.Debug|Any CPU.Build.0 = Debug|Any CPU
		{893D1263-AFF2-4F0B-B59C-C2662C4DBB04}.Release|Any CPU.ActiveCfg = Release|Any CPU
		{893D1263-AFF2-4F0B-B59C-C2662C4DBB04}.Release|Any CPU.Build.0 = Release|Any CPU
		{B0EEA2A8-E4B2-4F59-80B7-57BAC5B66279}.Debug|Any CPU.ActiveCfg = Debug|Any CPU
		{B0EEA2A8-E4B2-4F59-80B7-57BAC5B66279}.Debug|Any CPU.Build.0 = Debug|Any CPU
		{B0EEA2A8-E4B2-4F59-80B7-57BAC5B66279}.Release|Any CPU.ActiveCfg = Release|Any CPU
		{B0EEA2A8-E4B2-4F59-80B7-57BAC5B66279}.Release|Any CPU.Build.0 = Release|Any CPU
		{66B0EABC-6D54-48AF-8D49-B3FF5768586B}.Debug|Any CPU.ActiveCfg = Debug|Any CPU
		{66B0EABC-6D54-48AF-8D49-B3FF5768586B}.Debug|Any CPU.Build.0 = Debug|Any CPU
		{66B0EABC-6D54-48AF-8D49-B3FF5768586B}.Release|Any CPU.ActiveCfg = Release|Any CPU
		{66B0EABC-6D54-48AF-8D49-B3FF5768586B}.Release|Any CPU.Build.0 = Release|Any CPU
		{6829B9AD-87A2-4D7D-AD30-A6AB8E1F1A55}.Debug|Any CPU.ActiveCfg = Debug|Any CPU
		{6829B9AD-87A2-4D7D-AD30-A6AB8E1F1A55}.Debug|Any CPU.Build.0 = Debug|Any CPU
		{6829B9AD-87A2-4D7D-AD30-A6AB8E1F1A55}.Release|Any CPU.ActiveCfg = Release|Any CPU
		{6829B9AD-87A2-4D7D-AD30-A6AB8E1F1A55}.Release|Any CPU.Build.0 = Release|Any CPU
		{8F451103-8260-4025-A73C-FBEAE31020A6}.Debug|Any CPU.ActiveCfg = Debug|Any CPU
		{8F451103-8260-4025-A73C-FBEAE31020A6}.Debug|Any CPU.Build.0 = Debug|Any CPU
		{8F451103-8260-4025-A73C-FBEAE31020A6}.Release|Any CPU.ActiveCfg = Release|Any CPU
		{8F451103-8260-4025-A73C-FBEAE31020A6}.Release|Any CPU.Build.0 = Release|Any CPU
		{223D83B3-0568-4294-B428-3F8EA7970ECE}.Debug|Any CPU.ActiveCfg = Debug|Any CPU
		{223D83B3-0568-4294-B428-3F8EA7970ECE}.Debug|Any CPU.Build.0 = Debug|Any CPU
		{223D83B3-0568-4294-B428-3F8EA7970ECE}.Release|Any CPU.ActiveCfg = Release|Any CPU
		{223D83B3-0568-4294-B428-3F8EA7970ECE}.Release|Any CPU.Build.0 = Release|Any CPU
		{8C32FAD6-CD5A-4708-B11B-2C97D7FC015B}.Debug|Any CPU.ActiveCfg = Debug|Any CPU
		{8C32FAD6-CD5A-4708-B11B-2C97D7FC015B}.Debug|Any CPU.Build.0 = Debug|Any CPU
		{8C32FAD6-CD5A-4708-B11B-2C97D7FC015B}.Release|Any CPU.ActiveCfg = Release|Any CPU
		{8C32FAD6-CD5A-4708-B11B-2C97D7FC015B}.Release|Any CPU.Build.0 = Release|Any CPU
		{63B01831-B7E1-45E9-BD60-ADB41A16B702}.Debug|Any CPU.ActiveCfg = Debug|Any CPU
		{63B01831-B7E1-45E9-BD60-ADB41A16B702}.Debug|Any CPU.Build.0 = Debug|Any CPU
		{63B01831-B7E1-45E9-BD60-ADB41A16B702}.Release|Any CPU.ActiveCfg = Release|Any CPU
		{63B01831-B7E1-45E9-BD60-ADB41A16B702}.Release|Any CPU.Build.0 = Release|Any CPU
		{456F0109-B129-4BED-9F17-7AFF2C4072A7}.Debug|Any CPU.ActiveCfg = Debug|Any CPU
		{456F0109-B129-4BED-9F17-7AFF2C4072A7}.Debug|Any CPU.Build.0 = Debug|Any CPU
		{456F0109-B129-4BED-9F17-7AFF2C4072A7}.Release|Any CPU.ActiveCfg = Release|Any CPU
		{456F0109-B129-4BED-9F17-7AFF2C4072A7}.Release|Any CPU.Build.0 = Release|Any CPU
		{6134DD6E-B165-40C4-9D99-87ECF80CBAF6}.Debug|Any CPU.ActiveCfg = Debug|Any CPU
		{6134DD6E-B165-40C4-9D99-87ECF80CBAF6}.Debug|Any CPU.Build.0 = Debug|Any CPU
		{6134DD6E-B165-40C4-9D99-87ECF80CBAF6}.Release|Any CPU.ActiveCfg = Release|Any CPU
		{6134DD6E-B165-40C4-9D99-87ECF80CBAF6}.Release|Any CPU.Build.0 = Release|Any CPU
		{D25E9771-5F2C-4678-B3C2-6B9C3487B18D}.Debug|Any CPU.ActiveCfg = Debug|Any CPU
		{D25E9771-5F2C-4678-B3C2-6B9C3487B18D}.Debug|Any CPU.Build.0 = Debug|Any CPU
		{D25E9771-5F2C-4678-B3C2-6B9C3487B18D}.Release|Any CPU.ActiveCfg = Release|Any CPU
		{D25E9771-5F2C-4678-B3C2-6B9C3487B18D}.Release|Any CPU.Build.0 = Release|Any CPU
		{99CBEF49-A473-44EA-A028-4F149C2E00A0}.Debug|Any CPU.ActiveCfg = Debug|Any CPU
		{99CBEF49-A473-44EA-A028-4F149C2E00A0}.Debug|Any CPU.Build.0 = Debug|Any CPU
		{99CBEF49-A473-44EA-A028-4F149C2E00A0}.Release|Any CPU.ActiveCfg = Release|Any CPU
		{99CBEF49-A473-44EA-A028-4F149C2E00A0}.Release|Any CPU.Build.0 = Release|Any CPU
		{098090FD-C443-40B2-A9A7-DE74AD8A6072}.Debug|Any CPU.ActiveCfg = Debug|Any CPU
		{098090FD-C443-40B2-A9A7-DE74AD8A6072}.Debug|Any CPU.Build.0 = Debug|Any CPU
		{098090FD-C443-40B2-A9A7-DE74AD8A6072}.Release|Any CPU.ActiveCfg = Release|Any CPU
		{098090FD-C443-40B2-A9A7-DE74AD8A6072}.Release|Any CPU.Build.0 = Release|Any CPU
		{7E4B410F-3C40-4482-B558-07512E6CF0FB}.Debug|Any CPU.ActiveCfg = Debug|Any CPU
		{7E4B410F-3C40-4482-B558-07512E6CF0FB}.Debug|Any CPU.Build.0 = Debug|Any CPU
		{7E4B410F-3C40-4482-B558-07512E6CF0FB}.Release|Any CPU.ActiveCfg = Release|Any CPU
		{7E4B410F-3C40-4482-B558-07512E6CF0FB}.Release|Any CPU.Build.0 = Release|Any CPU
		{2E88A35C-2EB3-46FF-8D30-4DC3517F4C6C}.Debug|Any CPU.ActiveCfg = Debug|Any CPU
		{2E88A35C-2EB3-46FF-8D30-4DC3517F4C6C}.Debug|Any CPU.Build.0 = Debug|Any CPU
		{2E88A35C-2EB3-46FF-8D30-4DC3517F4C6C}.Release|Any CPU.ActiveCfg = Release|Any CPU
		{2E88A35C-2EB3-46FF-8D30-4DC3517F4C6C}.Release|Any CPU.Build.0 = Release|Any CPU
		{BBDD2FDA-7ECC-4ECD-80A0-C9B0911082CA}.Debug|Any CPU.ActiveCfg = Debug|Any CPU
		{BBDD2FDA-7ECC-4ECD-80A0-C9B0911082CA}.Debug|Any CPU.Build.0 = Debug|Any CPU
		{BBDD2FDA-7ECC-4ECD-80A0-C9B0911082CA}.Release|Any CPU.ActiveCfg = Release|Any CPU
		{BBDD2FDA-7ECC-4ECD-80A0-C9B0911082CA}.Release|Any CPU.Build.0 = Release|Any CPU
		{4E415013-AAA0-4F6A-8BCA-114220E01190}.Debug|Any CPU.ActiveCfg = Debug|Any CPU
		{4E415013-AAA0-4F6A-8BCA-114220E01190}.Debug|Any CPU.Build.0 = Debug|Any CPU
		{4E415013-AAA0-4F6A-8BCA-114220E01190}.Release|Any CPU.ActiveCfg = Release|Any CPU
		{4E415013-AAA0-4F6A-8BCA-114220E01190}.Release|Any CPU.Build.0 = Release|Any CPU
		{56898EE4-51E6-4F98-9875-AC5DA055B84D}.Debug|Any CPU.ActiveCfg = Debug|Any CPU
		{56898EE4-51E6-4F98-9875-AC5DA055B84D}.Debug|Any CPU.Build.0 = Debug|Any CPU
		{56898EE4-51E6-4F98-9875-AC5DA055B84D}.Release|Any CPU.ActiveCfg = Release|Any CPU
		{56898EE4-51E6-4F98-9875-AC5DA055B84D}.Release|Any CPU.Build.0 = Release|Any CPU
	EndGlobalSection
	GlobalSection(SolutionProperties) = preSolution
		HideSolutionNode = FALSE
	EndGlobalSection
	GlobalSection(ExtensibilityGlobals) = postSolution
		SolutionGuid = {F86B6333-E694-42DA-A69B-1B41EA155332}
	EndGlobalSection
EndGlobal
